
Microsoft Visual Studio Solution File, Format Version 12.00
# Visual Studio Version 17
VisualStudioVersion = 17.10.35013.160
MinimumVisualStudioVersion = 10.0.40219.1
Project("{FAE04EC0-301F-11D3-BF4B-00C04F79EFBC}") = "Ch02Ex1FutureValues", "Ch02Ex1FutureValues\Ch02Ex1FutureValues.csproj", "{AFEBE6B2-7813-46D6-91BA-850D8443FF4A}"
EndProject
Global
	GlobalSection(SolutionConfigurationPlatforms) = preSolution
		Debug|Any CPU = Debug|Any CPU
		Release|Any CPU = Release|Any CPU
	EndGlobalSection
	GlobalSection(ProjectConfigurationPlatforms) = postSolution
		{AFEBE6B2-7813-46D6-91BA-850D8443FF4A}.Debug|Any CPU.ActiveCfg = Debug|Any CPU
		{AFEBE6B2-7813-46D6-91BA-850D8443FF4A}.Debug|Any CPU.Build.0 = Debug|Any CPU
		{AFEBE6B2-7813-46D6-91BA-850D8443FF4A}.Release|Any CPU.ActiveCfg = Release|Any CPU
		{AFEBE6B2-7813-46D6-91BA-850D8443FF4A}.Release|Any CPU.Build.0 = Release|Any CPU
	EndGlobalSection
	GlobalSection(SolutionProperties) = preSolution
		HideSolutionNode = FALSE
	EndGlobalSection
	GlobalSection(ExtensibilityGlobals) = postSolution
		SolutionGuid = {E731B88F-AEB7-4271-9182-F88FA0A53AA7}
	EndGlobalSection
EndGlobal
